<?xml version="1.0" encoding="utf-8"?>
<Project ToolsVersion="4.0" xmlns="http://schemas.microsoft.com/developer/msbuild/2003">
  <ItemGroup>
    <Filter Include="Source Files">
      <UniqueIdentifier>{4FC737F1-C7A5-4376-A066-2A32D752A2FF}</UniqueIdentifier>
      <Extensions>cpp;c;cc;cxx;def;odl;idl;hpj;bat;asm;asmx</Extensions>
    </Filter>
    <Filter Include="Header Files">
      <UniqueIdentifier>{93995380-89BD-4b04-88EB-625FBE52EBFB}</UniqueIdentifier>
      <Extensions>h;hpp;hxx;hm;inl;inc;xsd</Extensions>
    </Filter>
    <Filter Include="Resource Files">
      <UniqueIdentifier>{67DA6AB6-F800-4c08-8B7A-83BB121AAD01}</UniqueIdentifier>
      <Extensions>rc;ico;cur;bmp;dlg;rc2;rct;bin;rgs;gif;jpg;jpeg;jpe;resx;tiff;tif;png;wav</Extensions>
    </Filter>
  </ItemGroup>
  <ItemGroup>
    <ClCompile Include="src\cff\cff.c">
      <Filter>Source Files</Filter>
    </ClCompile>
    <ClCompile Include="src\cff\cffcmap.c">
      <Filter>Source Files</Filter>
    </ClCompile>
    <ClCompile Include="src\cff\cffdrivr.c">
      <Filter>Source Files</Filter>
    </ClCompile>
    <ClCompile Include="src\cff\cffgload.c">
      <Filter>Source Files</Filter>
    </ClCompile>
    <ClCompile Include="src\cff\cffload.c">
      <Filter>Source Files</Filter>
    </ClCompile>
    <ClCompile Include="src\cff\cffobjs.c">
      <Filter>Source Files</Filter>
    </ClCompile>
    <ClCompile Include="src\cff\cffparse.c">
      <Filter>Source Files</Filter>
    </ClCompile>
    <ClCompile Include="src\cid\cidgload.c">
      <Filter>Source Files</Filter>
    </ClCompile>
    <ClCompile Include="src\cid\cidload.c">
      <Filter>Source Files</Filter>
    </ClCompile>
    <ClCompile Include="src\cid\cidobjs.c">
      <Filter>Source Files</Filter>
    </ClCompile>
    <ClCompile Include="src\cid\cidparse.c">
      <Filter>Source Files</Filter>
    </ClCompile>
    <ClCompile Include="src\cid\cidriver.c">
      <Filter>Source Files</Filter>
    </ClCompile>
    <ClCompile Include="src\base\ftapi.c">
      <Filter>Source Files</Filter>
    </ClCompile>
    <ClCompile Include="src\base\ftbase.c">
      <Filter>Source Files</Filter>
    </ClCompile>
    <ClCompile Include="src\base\ftbbox.c">
      <Filter>Source Files</Filter>
    </ClCompile>
    <ClCompile Include="src\base\ftbdf.c">
      <Filter>Source Files</Filter>
    </ClCompile>
    <ClCompile Include="src\base\ftbitmap.c">
      <Filter>Source Files</Filter>
    </ClCompile>
    <ClCompile Include="src\base\ftcalc.c">
      <Filter>Source Files</Filter>
    </ClCompile>
    <ClCompile Include="src\base\ftdbgmem.c">
      <Filter>Source Files</Filter>
    </ClCompile>
    <ClCompile Include="src\base\ftdebug.c">
      <Filter>Source Files</Filter>
    </ClCompile>
    <ClCompile Include="src\base\ftgloadr.c">
      <Filter>Source Files</Filter>
    </ClCompile>
    <ClCompile Include="src\base\ftglyph.c">
      <Filter>Source Files</Filter>
    </ClCompile>
    <ClCompile Include="src\smooth\ftgrays.c">
      <Filter>Source Files</Filter>
    </ClCompile>
    <ClCompile Include="src\base\ftinit.c">
      <Filter>Source Files</Filter>
    </ClCompile>
    <ClCompile Include="src\base\ftmm.c">
      <Filter>Source Files</Filter>
    </ClCompile>
    <ClCompile Include="src\base\ftnames.c">
      <Filter>Source Files</Filter>
    </ClCompile>
    <ClCompile Include="src\base\ftobjs.c">
      <Filter>Source Files</Filter>
    </ClCompile>
    <ClCompile Include="src\base\ftotval.c">
      <Filter>Source Files</Filter>
    </ClCompile>
    <ClCompile Include="src\base\ftoutln.c">
      <Filter>Source Files</Filter>
    </ClCompile>
    <ClCompile Include="src\base\ftpfr.c">
      <Filter>Source Files</Filter>
    </ClCompile>
    <ClCompile Include="src\raster\ftraster.c">
      <Filter>Source Files</Filter>
    </ClCompile>
    <ClCompile Include="src\raster\ftrend1.c">
      <Filter>Source Files</Filter>
    </ClCompile>
    <ClCompile Include="src\base\ftrfork.c">
      <Filter>Source Files</Filter>
    </ClCompile>
    <ClCompile Include="src\smooth\ftsmooth.c">
      <Filter>Source Files</Filter>
    </ClCompile>
    <ClCompile Include="src\base\ftstream.c">
      <Filter>Source Files</Filter>
    </ClCompile>
    <ClCompile Include="src\base\ftstroke.c">
      <Filter>Source Files</Filter>
    </ClCompile>
    <ClCompile Include="src\base\ftsynth.c">
      <Filter>Source Files</Filter>
    </ClCompile>
    <ClCompile Include="src\base\ftsystem.c">
      <Filter>Source Files</Filter>
    </ClCompile>
    <ClCompile Include="src\base\fttrigon.c">
      <Filter>Source Files</Filter>
    </ClCompile>
    <ClCompile Include="src\base\fttype1.c">
      <Filter>Source Files</Filter>
    </ClCompile>
    <ClCompile Include="src\base\ftutil.c">
      <Filter>Source Files</Filter>
    </ClCompile>
    <ClCompile Include="src\base\ftwinfnt.c">
      <Filter>Source Files</Filter>
    </ClCompile>
    <ClCompile Include="src\psaux\psaux.c">
      <Filter>Source Files</Filter>
    </ClCompile>
    <ClCompile Include="src\psaux\psauxmod.c">
      <Filter>Source Files</Filter>
    </ClCompile>
    <ClCompile Include="src\psnames\psmodule.c">
      <Filter>Source Files</Filter>
    </ClCompile>
    <ClCompile Include="src\psnames\psnames.c">
      <Filter>Source Files</Filter>
    </ClCompile>
    <ClCompile Include="src\psaux\psobjs.c">
      <Filter>Source Files</Filter>
    </ClCompile>
    <ClCompile Include="src\raster\raster.c">
      <Filter>Source Files</Filter>
    </ClCompile>
    <ClCompile Include="src\sfnt\sfdriver.c">
      <Filter>Source Files</Filter>
    </ClCompile>
    <ClCompile Include="src\sfnt\sfnt.c">
      <Filter>Source Files</Filter>
    </ClCompile>
    <ClCompile Include="src\sfnt\sfobjs.c">
      <Filter>Source Files</Filter>
    </ClCompile>
    <ClCompile Include="src\smooth\smooth.c">
      <Filter>Source Files</Filter>
    </ClCompile>
    <ClCompile Include="src\type1\t1afm.c">
      <Filter>Source Files</Filter>
    </ClCompile>
    <ClCompile Include="src\psaux\t1cmap.c">
      <Filter>Source Files</Filter>
    </ClCompile>
    <ClCompile Include="src\psaux\t1decode.c">
      <Filter>Source Files</Filter>
    </ClCompile>
    <ClCompile Include="src\type1\t1driver.c">
      <Filter>Source Files</Filter>
    </ClCompile>
    <ClCompile Include="src\type1\t1gload.c">
      <Filter>Source Files</Filter>
    </ClCompile>
    <ClCompile Include="src\type1\t1load.c">
      <Filter>Source Files</Filter>
    </ClCompile>
    <ClCompile Include="src\type1\t1objs.c">
      <Filter>Source Files</Filter>
    </ClCompile>
    <ClCompile Include="src\type1\t1parse.c">
      <Filter>Source Files</Filter>
    </ClCompile>
    <ClCompile Include="src\truetype\truetype.c">
      <Filter>Source Files</Filter>
    </ClCompile>
    <ClCompile Include="src\sfnt\ttcmap.c">
      <Filter>Source Files</Filter>
    </ClCompile>
    <ClCompile Include="src\truetype\ttdriver.c">
      <Filter>Source Files</Filter>
    </ClCompile>
    <ClCompile Include="src\truetype\ttgload.c">
      <Filter>Source Files</Filter>
    </ClCompile>
    <ClCompile Include="src\truetype\ttgxvar.c">
      <Filter>Source Files</Filter>
    </ClCompile>
    <ClCompile Include="src\truetype\ttinterp.c">
      <Filter>Source Files</Filter>
    </ClCompile>
    <ClCompile Include="src\sfnt\ttkern.c">
      <Filter>Source Files</Filter>
    </ClCompile>
    <ClCompile Include="src\sfnt\ttload.c">
      <Filter>Source Files</Filter>
    </ClCompile>
    <ClCompile Include="src\truetype\ttobjs.c">
      <Filter>Source Files</Filter>
    </ClCompile>
    <ClCompile Include="src\truetype\ttpload.c">
      <Filter>Source Files</Filter>
    </ClCompile>
    <ClCompile Include="src\sfnt\ttpost.c">
      <Filter>Source Files</Filter>
    </ClCompile>
    <ClCompile Include="src\sfnt\ttsbit.c">
      <Filter>Source Files</Filter>
    </ClCompile>
    <ClCompile Include="src\type1\type1.c">
      <Filter>Source Files</Filter>
    </ClCompile>
    <ClCompile Include="src\cid\type1cid.c">
      <Filter>Source Files</Filter>
    </ClCompile>
  </ItemGroup>
  <ItemGroup>
    <ClInclude Include="include\freetype\internal\autohint.h">
      <Filter>Header Files</Filter>
    </ClInclude>
    <ClInclude Include="src\cff\cffcmap.h">
      <Filter>Header Files</Filter>
    </ClInclude>
    <ClInclude Include="src\cff\cffdrivr.h">
      <Filter>Header Files</Filter>
    </ClInclude>
    <ClInclude Include="src\cff\cfferrs.h">
      <Filter>Header Files</Filter>
    </ClInclude>
    <ClInclude Include="src\cff\cffgload.h">
      <Filter>Header Files</Filter>
    </ClInclude>
    <ClInclude Include="src\cff\cffload.h">
      <Filter>Header Files</Filter>
    </ClInclude>
    <ClInclude Include="src\cff\cffobjs.h">
      <Filter>Header Files</Filter>
    </ClInclude>
    <ClInclude Include="src\cff\cffparse.h">
      <Filter>Header Files</Filter>
    </ClInclude>
    <ClInclude Include="src\cff\cfftoken.h">
      <Filter>Header Files</Filter>
    </ClInclude>
    <ClInclude Include="src\cff\cfftypes.h">
      <Filter>Header Files</Filter>
    </ClInclude>
    <ClInclude Include="src\cid\ciderrs.h">
      <Filter>Header Files</Filter>
    </ClInclude>
    <ClInclude Include="src\cid\cidgload.h">
      <Filter>Header Files</Filter>
    </ClInclude>
    <ClInclude Include="src\cid\cidload.h">
      <Filter>Header Files</Filter>
    </ClInclude>
    <ClInclude Include="src\cid\cidobjs.h">
      <Filter>Header Files</Filter>
    </ClInclude>
    <ClInclude Include="src\cid\cidparse.h">
      <Filter>Header Files</Filter>
    </ClInclude>
    <ClInclude Include="src\cid\cidriver.h">
      <Filter>Header Files</Filter>
    </ClInclude>
    <ClInclude Include="src\cid\cidtoken.h">
      <Filter>Header Files</Filter>
    </ClInclude>
    <ClInclude Include="include\freetype\freetype.h">
      <Filter>Header Files</Filter>
    </ClInclude>
    <ClInclude Include="include\ft2build.h">
      <Filter>Header Files</Filter>
    </ClInclude>
    <ClInclude Include="include\freetype\ftbbox.h">
      <Filter>Header Files</Filter>
    </ClInclude>
    <ClInclude Include="include\freetype\ftbdf.h">
      <Filter>Header Files</Filter>
    </ClInclude>
    <ClInclude Include="include\freetype\ftbitmap.h">
      <Filter>Header Files</Filter>
    </ClInclude>
    <ClInclude Include="include\freetype\ftcache.h">
      <Filter>Header Files</Filter>
    </ClInclude>
    <ClInclude Include="include\freetype\internal\ftcalc.h">
      <Filter>Header Files</Filter>
    </ClInclude>
    <ClInclude Include="include\freetype\ftchapters.h">
      <Filter>Header Files</Filter>
    </ClInclude>
    <ClInclude Include="include\freetype\config\ftconfig.h">
      <Filter>Header Files</Filter>
    </ClInclude>
    <ClInclude Include="include\freetype\internal\ftdebug.h">
      <Filter>Header Files</Filter>
    </ClInclude>
    <ClInclude Include="include\freetype\internal\ftdriver.h">
      <Filter>Header Files</Filter>
    </ClInclude>
    <ClInclude Include="include\freetype\fterrdef.h">
      <Filter>Header Files</Filter>
    </ClInclude>
    <ClInclude Include="include\freetype\fterrors.h">
      <Filter>Header Files</Filter>
    </ClInclude>
    <ClInclude Include="include\freetype\internal\ftgloadr.h">
      <Filter>Header Files</Filter>
    </ClInclude>
    <ClInclude Include="include\freetype\ftglyph.h">
      <Filter>Header Files</Filter>
    </ClInclude>
    <ClInclude Include="src\smooth\ftgrays.h">
      <Filter>Header Files</Filter>
    </ClInclude>
    <ClInclude Include="include\freetype\ftgzip.h">
      <Filter>Header Files</Filter>
    </ClInclude>
    <ClInclude Include="include\freetype\config\ftheader.h">
      <Filter>Header Files</Filter>
    </ClInclude>
    <ClInclude Include="include\freetype\ftimage.h">
      <Filter>Header Files</Filter>
    </ClInclude>
    <ClInclude Include="include\freetype\ftincrem.h">
      <Filter>Header Files</Filter>
    </ClInclude>
    <ClInclude Include="include\freetype\ftlist.h">
      <Filter>Header Files</Filter>
    </ClInclude>
    <ClInclude Include="include\freetype\ftlzw.h">
      <Filter>Header Files</Filter>
    </ClInclude>
    <ClInclude Include="include\freetype\ftmac.h">
      <Filter>Header Files</Filter>
    </ClInclude>
    <ClInclude Include="include\freetype\internal\ftmemory.h">
      <Filter>Header Files</Filter>
    </ClInclude>
    <ClInclude Include="src\raster\ftmisc.h">
      <Filter>Header Files</Filter>
    </ClInclude>
    <ClInclude Include="include\freetype\ftmm.h">
      <Filter>Header Files</Filter>
    </ClInclude>
    <ClInclude Include="include\freetype\ftmodapi.h">
      <Filter>Header Files</Filter>
    </ClInclude>
    <ClInclude Include="include\freetype\ftmoderr.h">
      <Filter>Header Files</Filter>
    </ClInclude>
    <ClInclude Include="include\freetype\config\ftmodule.h">
      <Filter>Header Files</Filter>
    </ClInclude>
    <ClInclude Include="include\freetype\internal\ftobjs.h">
      <Filter>Header Files</Filter>
    </ClInclude>
    <ClInclude Include="include\freetype\config\ftoption.h">
      <Filter>Header Files</Filter>
    </ClInclude>
    <ClInclude Include="include\freetype\ftotval.h">
      <Filter>Header Files</Filter>
    </ClInclude>
    <ClInclude Include="include\freetype\ftoutln.h">
      <Filter>Header Files</Filter>
    </ClInclude>
    <ClInclude Include="include\freetype\ftpfr.h">
      <Filter>Header Files</Filter>
    </ClInclude>
    <ClInclude Include="src\raster\ftraster.h">
      <Filter>Header Files</Filter>
    </ClInclude>
    <ClInclude Include="src\raster\ftrend1.h">
      <Filter>Header Files</Filter>
    </ClInclude>
    <ClInclude Include="include\freetype\ftrender.h">
      <Filter>Header Files</Filter>
    </ClInclude>
    <ClInclude Include="include\freetype\internal\ftrfork.h">
      <Filter>Header Files</Filter>
    </ClInclude>
    <ClInclude Include="include\freetype\internal\ftserv.h">
      <Filter>Header Files</Filter>
    </ClInclude>
    <ClInclude Include="include\freetype\ftsizes.h">
      <Filter>Header Files</Filter>
    </ClInclude>
    <ClInclude Include="src\smooth\ftsmerrs.h">
      <Filter>Header Files</Filter>
    </ClInclude>
    <ClInclude Include="src\smooth\ftsmooth.h">
      <Filter>Header Files</Filter>
    </ClInclude>
    <ClInclude Include="include\freetype\ftsnames.h">
      <Filter>Header Files</Filter>
    </ClInclude>
    <ClInclude Include="include\freetype\config\ftstdlib.h">
      <Filter>Header Files</Filter>
    </ClInclude>
    <ClInclude Include="include\freetype\internal\ftstream.h">
      <Filter>Header Files</Filter>
    </ClInclude>
    <ClInclude Include="include\freetype\ftstroke.h">
      <Filter>Header Files</Filter>
    </ClInclude>
    <ClInclude Include="include\freetype\ftsynth.h">
      <Filter>Header Files</Filter>
    </ClInclude>
    <ClInclude Include="include\freetype\ftsysio.h">
      <Filter>Header Files</Filter>
    </ClInclude>
    <ClInclude Include="include\freetype\ftsysmem.h">
      <Filter>Header Files</Filter>
    </ClInclude>
    <ClInclude Include="include\freetype\ftsystem.h">
      <Filter>Header Files</Filter>
    </ClInclude>
    <ClInclude Include="include\freetype\internal\fttrace.h">
      <Filter>Header Files</Filter>
    </ClInclude>
    <ClInclude Include="include\freetype\fttrigon.h">
      <Filter>Header Files</Filter>
    </ClInclude>
    <ClInclude Include="include\freetype\fttypes.h">
      <Filter>Header Files</Filter>
    </ClInclude>
    <ClInclude Include="include\freetype\internal\ftvalid.h">
      <Filter>Header Files</Filter>
    </ClInclude>
    <ClInclude Include="include\freetype\ftwinfnt.h">
      <Filter>Header Files</Filter>
    </ClInclude>
    <ClInclude Include="include\freetype\ftxf86.h">
      <Filter>Header Files</Filter>
    </ClInclude>
    <ClInclude Include="include\freetype\internal\internal.h">
      <Filter>Header Files</Filter>
    </ClInclude>
    <ClInclude Include="include\freetype\internal\pcftypes.h">
      <Filter>Header Files</Filter>
    </ClInclude>
    <ClInclude Include="include\freetype\internal\psaux.h">
      <Filter>Header Files</Filter>
    </ClInclude>
    <ClInclude Include="src\psaux\psauxerr.h">
      <Filter>Header Files</Filter>
    </ClInclude>
    <ClInclude Include="src\psaux\psauxmod.h">
      <Filter>Header Files</Filter>
    </ClInclude>
    <ClInclude Include="include\freetype\internal\pshints.h">
      <Filter>Header Files</Filter>
    </ClInclude>
    <ClInclude Include="src\psnames\psmodule.h">
      <Filter>Header Files</Filter>
    </ClInclude>
    <ClInclude Include="src\psnames\psnamerr.h">
      <Filter>Header Files</Filter>
    </ClInclude>
    <ClInclude Include="src\psaux\psobjs.h">
      <Filter>Header Files</Filter>
    </ClInclude>
    <ClInclude Include="src\psnames\pstables.h">
      <Filter>Header Files</Filter>
    </ClInclude>
    <ClInclude Include="src\raster\rasterrs.h">
      <Filter>Header Files</Filter>
    </ClInclude>
    <ClInclude Include="src\sfnt\sfdriver.h">
      <Filter>Header Files</Filter>
    </ClInclude>
    <ClInclude Include="src\sfnt\sferrors.h">
      <Filter>Header Files</Filter>
    </ClInclude>
    <ClInclude Include="include\freetype\internal\sfnt.h">
      <Filter>Header Files</Filter>
    </ClInclude>
    <ClInclude Include="src\sfnt\sfobjs.h">
      <Filter>Header Files</Filter>
    </ClInclude>
    <ClInclude Include="include\freetype\internal\services\svbdf.h">
      <Filter>Header Files</Filter>
    </ClInclude>
    <ClInclude Include="include\freetype\internal\services\svgldict.h">
      <Filter>Header Files</Filter>
    </ClInclude>
    <ClInclude Include="include\freetype\internal\services\svmm.h">
      <Filter>Header Files</Filter>
    </ClInclude>
    <ClInclude Include="include\freetype\internal\services\svotval.h">
      <Filter>Header Files</Filter>
    </ClInclude>
    <ClInclude Include="include\freetype\internal\services\svpfr.h">
      <Filter>Header Files</Filter>
    </ClInclude>
    <ClInclude Include="include\freetype\internal\services\svpostnm.h">
      <Filter>Header Files</Filter>
    </ClInclude>
    <ClInclude Include="include\freetype\internal\services\svpscmap.h">
      <Filter>Header Files</Filter>
    </ClInclude>
    <ClInclude Include="include\freetype\internal\services\svpsinfo.h">
      <Filter>Header Files</Filter>
    </ClInclude>
    <ClInclude Include="include\freetype\internal\services\svsfnt.h">
      <Filter>Header Files</Filter>
    </ClInclude>
    <ClInclude Include="include\freetype\internal\services\svttcmap.h">
      <Filter>Header Files</Filter>
    </ClInclude>
    <ClInclude Include="include\freetype\internal\services\svwinfnt.h">
      <Filter>Header Files</Filter>
    </ClInclude>
    <ClInclude Include="include\freetype\internal\services\svxf86nm.h">
      <Filter>Header Files</Filter>
    </ClInclude>
    <ClInclude Include="src\type1\t1afm.h">
      <Filter>Header Files</Filter>
    </ClInclude>
    <ClInclude Include="src\psaux\t1cmap.h">
      <Filter>Header Files</Filter>
    </ClInclude>
    <ClInclude Include="src\psaux\t1decode.h">
      <Filter>Header Files</Filter>
    </ClInclude>
    <ClInclude Include="src\type1\t1driver.h">
      <Filter>Header Files</Filter>
    </ClInclude>
    <ClInclude Include="src\type1\t1errors.h">
      <Filter>Header Files</Filter>
    </ClInclude>
    <ClInclude Include="src\type1\t1gload.h">
      <Filter>Header Files</Filter>
    </ClInclude>
    <ClInclude Include="src\type1\t1load.h">
      <Filter>Header Files</Filter>
    </ClInclude>
    <ClInclude Include="src\type1\t1objs.h">
      <Filter>Header Files</Filter>
    </ClInclude>
    <ClInclude Include="src\type1\t1parse.h">
      <Filter>Header Files</Filter>
    </ClInclude>
    <ClInclude Include="include\freetype\t1tables.h">
      <Filter>Header Files</Filter>
    </ClInclude>
    <ClInclude Include="src\type1\t1tokens.h">
      <Filter>Header Files</Filter>
    </ClInclude>
    <ClInclude Include="include\freetype\internal\t1types.h">
      <Filter>Header Files</Filter>
    </ClInclude>
    <ClInclude Include="src\sfnt\ttcmap.h">
      <Filter>Header Files</Filter>
    </ClInclude>
    <ClInclude Include="src\truetype\ttdriver.h">
      <Filter>Header Files</Filter>
    </ClInclude>
    <ClInclude Include="src\truetype\tterrors.h">
      <Filter>Header Files</Filter>
    </ClInclude>
    <ClInclude Include="src\truetype\ttgload.h">
      <Filter>Header Files</Filter>
    </ClInclude>
    <ClInclude Include="src\truetype\ttgxvar.h">
      <Filter>Header Files</Filter>
    </ClInclude>
    <ClInclude Include="src\truetype\ttinterp.h">
      <Filter>Header Files</Filter>
    </ClInclude>
    <ClInclude Include="src\sfnt\ttkern.h">
      <Filter>Header Files</Filter>
    </ClInclude>
    <ClInclude Include="src\sfnt\ttload.h">
      <Filter>Header Files</Filter>
    </ClInclude>
    <ClInclude Include="include\freetype\ttnameid.h">
      <Filter>Header Files</Filter>
    </ClInclude>
    <ClInclude Include="src\truetype\ttobjs.h">
      <Filter>Header Files</Filter>
    </ClInclude>
    <ClInclude Include="src\truetype\ttpload.h">
      <Filter>Header Files</Filter>
    </ClInclude>
    <ClInclude Include="src\sfnt\ttpost.h">
      <Filter>Header Files</Filter>
    </ClInclude>
    <ClInclude Include="src\sfnt\ttsbit.h">
      <Filter>Header Files</Filter>
    </ClInclude>
    <ClInclude Include="src\sfnt\ttsbit0.h">
      <Filter>Header Files</Filter>
    </ClInclude>
    <ClInclude Include="include\freetype\tttables.h">
      <Filter>Header Files</Filter>
    </ClInclude>
    <ClInclude Include="include\freetype\tttags.h">
      <Filter>Header Files</Filter>
    </ClInclude>
    <ClInclude Include="include\freetype\internal\tttypes.h">
      <Filter>Header Files</Filter>
    </ClInclude>
    <ClInclude Include="include\freetype\ttunpat.h">
      <Filter>Header Files</Filter>
    </ClInclude>
  </ItemGroup>
</Project>